// !$*UTF8*$!
{
	archiveVersion = 1;
	classes = {
	};
	objectVersion = 46;
	objects = {

/* Begin PBXBuildFile section */
		D70154B813BA33830020451C /* libmat.dylib in Frameworks */ = {isa = PBXBuildFile; fileRef = D701549B13BA33820020451C /* libmat.dylib */; };
		D731C485139CD16E00A2F314 /* mat.h in Headers */ = {isa = PBXBuildFile; fileRef = D731C466139CD16E00A2F314 /* mat.h */; };
		D731C486139CD16E00A2F314 /* matrix.h in Headers */ = {isa = PBXBuildFile; fileRef = D731C467139CD16E00A2F314 /* matrix.h */; };
		D731C487139CD16E00A2F314 /* tmwtypes.h in Headers */ = {isa = PBXBuildFile; fileRef = D731C468139CD16E00A2F314 /* tmwtypes.h */; };
		D731C488139CD1FA00A2F314 /* lcdata.xml in Copy mathworks resources */ = {isa = PBXBuildFile; fileRef = D731C44A139CD16E00A2F314 /* lcdata.xml */; };
		D7513DA21345F2D600E0AF6A /* QuickLook.framework in Frameworks */ = {isa = PBXBuildFile; fileRef = D7513DA11345F2D600E0AF6A /* QuickLook.framework */; };
		D7513DA41345F2D600E0AF6A /* ApplicationServices.framework in Frameworks */ = {isa = PBXBuildFile; fileRef = D7513DA31345F2D600E0AF6A /* ApplicationServices.framework */; };
		D7513DA61345F2D600E0AF6A /* CoreServices.framework in Frameworks */ = {isa = PBXBuildFile; fileRef = D7513DA51345F2D600E0AF6A /* CoreServices.framework */; };
		D7513DA81345F2D600E0AF6A /* CoreFoundation.framework in Frameworks */ = {isa = PBXBuildFile; fileRef = D7513DA71345F2D600E0AF6A /* CoreFoundation.framework */; };
		D7513DB11345F2D600E0AF6A /* GenerateThumbnailForURL.c in Sources */ = {isa = PBXBuildFile; fileRef = D7513DB01345F2D600E0AF6A /* GenerateThumbnailForURL.c */; };
		D7513DB31345F2D600E0AF6A /* GeneratePreviewForURL.m in Sources */ = {isa = PBXBuildFile; fileRef = D7513DB21345F2D600E0AF6A /* GeneratePreviewForURL.m */; };
		D7513DB51345F2D600E0AF6A /* main.c in Sources */ = {isa = PBXBuildFile; fileRef = D7513DB41345F2D600E0AF6A /* main.c */; };
		D7513DC61345F3E000E0AF6A /* index.html in Resources */ = {isa = PBXBuildFile; fileRef = D7513DC31345F3E000E0AF6A /* index.html */; };
		D7513DF41345F47200E0AF6A /* icudt40l.dat in Copy mathworks resources */ = {isa = PBXBuildFile; fileRef = D7513DCA1345F42300E0AF6A /* icudt40l.dat */; };
		D7513DF61345F4B800E0AF6A /* AppKit.framework in Frameworks */ = {isa = PBXBuildFile; fileRef = D7513DF51345F4B800E0AF6A /* AppKit.framework */; };
		D78D113613C3052500012B6D /* libmx.dylib in Frameworks */ = {isa = PBXBuildFile; fileRef = D70154A013BA33820020451C /* libmx.dylib */; };
		D78D113813C3052C00012B6D /* libmat.dylib in Frameworks */ = {isa = PBXBuildFile; fileRef = D701549B13BA33820020451C /* libmat.dylib */; };
		D7DAE67213BA73C200D56F33 /* libmx.dylib in Frameworks */ = {isa = PBXBuildFile; fileRef = D70154A013BA33820020451C /* libmx.dylib */; };
		D7E4B16413C24D4600B88BB2 /* CoreServices.framework in Frameworks */ = {isa = PBXBuildFile; fileRef = D7513DA51345F2D600E0AF6A /* CoreServices.framework */; };
		D7E4B16513C24D4600B88BB2 /* CoreFoundation.framework in Frameworks */ = {isa = PBXBuildFile; fileRef = D7513DA71345F2D600E0AF6A /* CoreFoundation.framework */; };
		D7E4B16713C24D4600B88BB2 /* CoreData.framework in Frameworks */ = {isa = PBXBuildFile; fileRef = D7E4B16613C24D4600B88BB2 /* CoreData.framework */; };
		D7E4B16913C24D4600B88BB2 /* Foundation.framework in Frameworks */ = {isa = PBXBuildFile; fileRef = D7E4B16813C24D4600B88BB2 /* Foundation.framework */; };
		D7E4B16F13C24D4600B88BB2 /* InfoPlist.strings in Resources */ = {isa = PBXBuildFile; fileRef = D7E4B16D13C24D4600B88BB2 /* InfoPlist.strings */; };
		D7E4B17213C24D4600B88BB2 /* main.c in Sources */ = {isa = PBXBuildFile; fileRef = D7E4B17113C24D4600B88BB2 /* main.c */; };
		D7E4B17413C24D4600B88BB2 /* GetMetadataForFile.m in Sources */ = {isa = PBXBuildFile; fileRef = D7E4B17313C24D4600B88BB2 /* GetMetadataForFile.m */; };
/* End PBXBuildFile section */

/* Begin PBXCopyFilesBuildPhase section */
		D7513DE61345F45300E0AF6A /* Copy mathworks resources */ = {
			isa = PBXCopyFilesBuildPhase;
			buildActionMask = 2147483647;
			dstPath = "";
			dstSubfolderSpec = 6;
			files = (
				D7513DF41345F47200E0AF6A /* icudt40l.dat in Copy mathworks resources */,
				D731C488139CD1FA00A2F314 /* lcdata.xml in Copy mathworks resources */,
			);
			name = "Copy mathworks resources";
			runOnlyForDeploymentPostprocessing = 0;
		};
/* End PBXCopyFilesBuildPhase section */

/* Begin PBXFileReference section */
		D701548713BA33820020451C /* libboost_date_time.dylib */ = {isa = PBXFileReference; lastKnownFileType = "compiled.mach-o.dylib"; name = libboost_date_time.dylib; path = dylibs/libboost_date_time.dylib; sourceTree = "<group>"; };
		D701548813BA33820020451C /* libboost_filesystem.dylib */ = {isa = PBXFileReference; lastKnownFileType = "compiled.mach-o.dylib"; name = libboost_filesystem.dylib; path = dylibs/libboost_filesystem.dylib; sourceTree = "<group>"; };
		D701548913BA33820020451C /* libboost_regex.dylib */ = {isa = PBXFileReference; lastKnownFileType = "compiled.mach-o.dylib"; name = libboost_regex.dylib; path = dylibs/libboost_regex.dylib; sourceTree = "<group>"; };
		D701548A13BA33820020451C /* libboost_signals.dylib */ = {isa = PBXFileReference; lastKnownFileType = "compiled.mach-o.dylib"; name = libboost_signals.dylib; path = dylibs/libboost_signals.dylib; sourceTree = "<group>"; };
		D701548B13BA33820020451C /* libboost_system.dylib */ = {isa = PBXFileReference; lastKnownFileType = "compiled.mach-o.dylib"; name = libboost_system.dylib; path = dylibs/libboost_system.dylib; sourceTree = "<group>"; };
		D701548C13BA33820020451C /* libboost_thread.dylib */ = {isa = PBXFileReference; lastKnownFileType = "compiled.mach-o.dylib"; name = libboost_thread.dylib; path = dylibs/libboost_thread.dylib; sourceTree = "<group>"; };
		D701548E13BA33820020451C /* libhdf5.6.0.2.dylib */ = {isa = PBXFileReference; lastKnownFileType = "compiled.mach-o.dylib"; name = libhdf5.6.0.2.dylib; path = dylibs/libhdf5.6.0.2.dylib; sourceTree = "<group>"; };
		D701548F13BA33820020451C /* libhdf5.6.dylib */ = {isa = PBXFileReference; lastKnownFileType = "compiled.mach-o.dylib"; name = libhdf5.6.dylib; path = dylibs/libhdf5.6.dylib; sourceTree = "<group>"; };
		D701549113BA33820020451C /* libhdf5_hl.6.0.2.dylib */ = {isa = PBXFileReference; lastKnownFileType = "compiled.mach-o.dylib"; name = libhdf5_hl.6.0.2.dylib; path = dylibs/libhdf5_hl.6.0.2.dylib; sourceTree = "<group>"; };
		D701549213BA33820020451C /* libhdf5_hl.6.dylib */ = {isa = PBXFileReference; lastKnownFileType = "compiled.mach-o.dylib"; name = libhdf5_hl.6.dylib; path = dylibs/libhdf5_hl.6.dylib; sourceTree = "<group>"; };
		D701549313BA33820020451C /* libicudata.dylib.42 */ = {isa = PBXFileReference; lastKnownFileType = "compiled.mach-o.dylib"; name = libicudata.dylib.42; path = dylibs/libicudata.dylib.42; sourceTree = "<group>"; };
		D701549413BA33820020451C /* libicudata.dylib.42.1 */ = {isa = PBXFileReference; fileEncoding = 4; lastKnownFileType = text.man; name = libicudata.dylib.42.1; path = dylibs/libicudata.dylib.42.1; sourceTree = "<group>"; };
		D701549513BA33820020451C /* libicui18n.dylib.42 */ = {isa = PBXFileReference; lastKnownFileType = "compiled.mach-o.dylib"; name = libicui18n.dylib.42; path = dylibs/libicui18n.dylib.42; sourceTree = "<group>"; };
		D701549613BA33820020451C /* libicui18n.dylib.42.1 */ = {isa = PBXFileReference; fileEncoding = 4; lastKnownFileType = text.man; name = libicui18n.dylib.42.1; path = dylibs/libicui18n.dylib.42.1; sourceTree = "<group>"; };
		D701549713BA33820020451C /* libicuio.dylib.42 */ = {isa = PBXFileReference; lastKnownFileType = "compiled.mach-o.dylib"; name = libicuio.dylib.42; path = dylibs/libicuio.dylib.42; sourceTree = "<group>"; };
		D701549813BA33820020451C /* libicuio.dylib.42.1 */ = {isa = PBXFileReference; fileEncoding = 4; lastKnownFileType = text.man; name = libicuio.dylib.42.1; path = dylibs/libicuio.dylib.42.1; sourceTree = "<group>"; };
		D701549913BA33820020451C /* libicuuc.dylib.42 */ = {isa = PBXFileReference; lastKnownFileType = "compiled.mach-o.dylib"; name = libicuuc.dylib.42; path = dylibs/libicuuc.dylib.42; sourceTree = "<group>"; };
		D701549A13BA33820020451C /* libicuuc.dylib.42.1 */ = {isa = PBXFileReference; fileEncoding = 4; lastKnownFileType = text.man; name = libicuuc.dylib.42.1; path = dylibs/libicuuc.dylib.42.1; sourceTree = "<group>"; };
		D701549B13BA33820020451C /* libmat.dylib */ = {isa = PBXFileReference; lastKnownFileType = "compiled.mach-o.dylib"; name = libmat.dylib; path = dylibs/libmat.dylib; sourceTree = "<group>"; };
		D701549C13BA33820020451C /* libmwfl.dylib */ = {isa = PBXFileReference; lastKnownFileType = "compiled.mach-o.dylib"; name = libmwfl.dylib; path = dylibs/libmwfl.dylib; sourceTree = "<group>"; };
		D701549D13BA33820020451C /* libmwi18n.dylib */ = {isa = PBXFileReference; lastKnownFileType = "compiled.mach-o.dylib"; name = libmwi18n.dylib; path = dylibs/libmwi18n.dylib; sourceTree = "<group>"; };
		D701549E13BA33820020451C /* libmwMATLAB_res.dylib */ = {isa = PBXFileReference; lastKnownFileType = "compiled.mach-o.dylib"; name = libmwMATLAB_res.dylib; path = dylibs/libmwMATLAB_res.dylib; sourceTree = "<group>"; };
		D701549F13BA33820020451C /* libmwresource_core.dylib */ = {isa = PBXFileReference; lastKnownFileType = "compiled.mach-o.dylib"; name = libmwresource_core.dylib; path = dylibs/libmwresource_core.dylib; sourceTree = "<group>"; };
		D70154A013BA33820020451C /* libmx.dylib */ = {isa = PBXFileReference; lastKnownFileType = "compiled.mach-o.dylib"; name = libmx.dylib; path = dylibs/libmx.dylib; sourceTree = "<group>"; };
		D70154A113BA33820020451C /* libtbb.dylib */ = {isa = PBXFileReference; lastKnownFileType = "compiled.mach-o.dylib"; name = libtbb.dylib; path = dylibs/libtbb.dylib; sourceTree = "<group>"; };
		D70154A213BA33820020451C /* libtbbmalloc.dylib */ = {isa = PBXFileReference; lastKnownFileType = "compiled.mach-o.dylib"; name = libtbbmalloc.dylib; path = dylibs/libtbbmalloc.dylib; sourceTree = "<group>"; };
		D70154A313BA33820020451C /* libut.dylib */ = {isa = PBXFileReference; lastKnownFileType = "compiled.mach-o.dylib"; name = libut.dylib; path = dylibs/libut.dylib; sourceTree = "<group>"; };
		D72F92F213B8ED30008A44CA /* fix_loader_path.rb */ = {isa = PBXFileReference; fileEncoding = 4; lastKnownFileType = text.script.ruby; path = fix_loader_path.rb; sourceTree = SOURCE_ROOT; };
		D731C44A139CD16E00A2F314 /* lcdata.xml */ = {isa = PBXFileReference; fileEncoding = 4; lastKnownFileType = text.xml; path = lcdata.xml; sourceTree = "<group>"; };
		D731C466139CD16E00A2F314 /* mat.h */ = {isa = PBXFileReference; fileEncoding = 4; lastKnownFileType = sourcecode.c.h; path = mat.h; sourceTree = "<group>"; };
		D731C467139CD16E00A2F314 /* matrix.h */ = {isa = PBXFileReference; fileEncoding = 4; lastKnownFileType = sourcecode.c.h; path = matrix.h; sourceTree = "<group>"; };
		D731C468139CD16E00A2F314 /* tmwtypes.h */ = {isa = PBXFileReference; fileEncoding = 4; lastKnownFileType = sourcecode.c.h; path = tmwtypes.h; sourceTree = "<group>"; };
		D737F73C13462B7800DBCC8E /* en */ = {isa = PBXFileReference; fileEncoding = 10; lastKnownFileType = text.plist.strings; name = en; path = en.lproj/Localizable.strings; sourceTree = "<group>"; };
		D737F73E13462B8200DBCC8E /* fr */ = {isa = PBXFileReference; fileEncoding = 10; lastKnownFileType = text.plist.strings; name = fr; path = fr.lproj/Localizable.strings; sourceTree = "<group>"; };
		D7513D9E1345F2D600E0AF6A /* matlab.qlgenerator */ = {isa = PBXFileReference; explicitFileType = wrapper.cfbundle; includeInIndex = 0; path = matlab.qlgenerator; sourceTree = BUILT_PRODUCTS_DIR; };
		D7513DA11345F2D600E0AF6A /* QuickLook.framework */ = {isa = PBXFileReference; lastKnownFileType = wrapper.framework; name = QuickLook.framework; path = System/Library/Frameworks/QuickLook.framework; sourceTree = SDKROOT; };
		D7513DA31345F2D600E0AF6A /* ApplicationServices.framework */ = {isa = PBXFileReference; lastKnownFileType = wrapper.framework; name = ApplicationServices.framework; path = System/Library/Frameworks/ApplicationServices.framework; sourceTree = SDKROOT; };
		D7513DA51345F2D600E0AF6A /* CoreServices.framework */ = {isa = PBXFileReference; lastKnownFileType = wrapper.framework; name = CoreServices.framework; path = System/Library/Frameworks/CoreServices.framework; sourceTree = SDKROOT; };
		D7513DA71345F2D600E0AF6A /* CoreFoundation.framework */ = {isa = PBXFileReference; lastKnownFileType = wrapper.framework; name = CoreFoundation.framework; path = System/Library/Frameworks/CoreFoundation.framework; sourceTree = SDKROOT; };
		D7513DAB1345F2D600E0AF6A /* matlab-Info.plist */ = {isa = PBXFileReference; lastKnownFileType = text.plist.xml; path = "matlab-Info.plist"; sourceTree = "<group>"; };
		D7513DAD1345F2D600E0AF6A /* en */ = {isa = PBXFileReference; lastKnownFileType = text.plist.strings; name = en; path = en.lproj/InfoPlist.strings; sourceTree = "<group>"; };
		D7513DAF1345F2D600E0AF6A /* matlab-Prefix.pch */ = {isa = PBXFileReference; lastKnownFileType = sourcecode.c.h; path = "matlab-Prefix.pch"; sourceTree = "<group>"; };
		D7513DB01345F2D600E0AF6A /* GenerateThumbnailForURL.c */ = {isa = PBXFileReference; lastKnownFileType = sourcecode.c.c; path = GenerateThumbnailForURL.c; sourceTree = "<group>"; };
		D7513DB21345F2D600E0AF6A /* GeneratePreviewForURL.m */ = {isa = PBXFileReference; lastKnownFileType = sourcecode.c.objc; path = GeneratePreviewForURL.m; sourceTree = "<group>"; };
		D7513DB41345F2D600E0AF6A /* main.c */ = {isa = PBXFileReference; lastKnownFileType = sourcecode.c.c; path = main.c; sourceTree = "<group>"; };
		D7513DC31345F3E000E0AF6A /* index.html */ = {isa = PBXFileReference; fileEncoding = 4; lastKnownFileType = text.html; path = index.html; sourceTree = "<group>"; };
		D7513DC41345F3E000E0AF6A /* Matlab.icns */ = {isa = PBXFileReference; lastKnownFileType = image.icns; path = Matlab.icns; sourceTree = "<group>"; };
		D7513DC51345F3E000E0AF6A /* matlab.mat */ = {isa = PBXFileReference; lastKnownFileType = file; path = matlab.mat; sourceTree = "<group>"; };
		D7513DCA1345F42300E0AF6A /* icudt40l.dat */ = {isa = PBXFileReference; lastKnownFileType = file; path = icudt40l.dat; sourceTree = "<group>"; };
		D7513DF51345F4B800E0AF6A /* AppKit.framework */ = {isa = PBXFileReference; lastKnownFileType = wrapper.framework; name = AppKit.framework; path = ../../../../../../System/Library/Frameworks/AppKit.framework; sourceTree = "<group>"; };
		D7E4B16313C24D4600B88BB2 /* matlab.mdimporter */ = {isa = PBXFileReference; explicitFileType = wrapper.cfbundle; includeInIndex = 0; path = matlab.mdimporter; sourceTree = BUILT_PRODUCTS_DIR; };
		D7E4B16613C24D4600B88BB2 /* CoreData.framework */ = {isa = PBXFileReference; lastKnownFileType = wrapper.framework; name = CoreData.framework; path = System/Library/Frameworks/CoreData.framework; sourceTree = SDKROOT; };
		D7E4B16813C24D4600B88BB2 /* Foundation.framework */ = {isa = PBXFileReference; lastKnownFileType = wrapper.framework; name = Foundation.framework; path = System/Library/Frameworks/Foundation.framework; sourceTree = SDKROOT; };
		D7E4B16C13C24D4600B88BB2 /* matlabMDI-Info.plist */ = {isa = PBXFileReference; lastKnownFileType = text.plist.xml; path = "matlabMDI-Info.plist"; sourceTree = "<group>"; };
		D7E4B16E13C24D4600B88BB2 /* en */ = {isa = PBXFileReference; lastKnownFileType = text.plist.strings; name = en; path = en.lproj/InfoPlist.strings; sourceTree = "<group>"; };
		D7E4B17013C24D4600B88BB2 /* matlabMDI-Prefix.pch */ = {isa = PBXFileReference; lastKnownFileType = sourcecode.c.h; path = "matlabMDI-Prefix.pch"; sourceTree = "<group>"; };
		D7E4B17113C24D4600B88BB2 /* main.c */ = {isa = PBXFileReference; lastKnownFileType = sourcecode.c.c; path = main.c; sourceTree = "<group>"; };
		D7E4B17313C24D4600B88BB2 /* GetMetadataForFile.m */ = {isa = PBXFileReference; lastKnownFileType = sourcecode.c.objc; path = GetMetadataForFile.m; sourceTree = "<group>"; };
/* End PBXFileReference section */

/* Begin PBXFrameworksBuildPhase section */
		D7513D991345F2D600E0AF6A /* Frameworks */ = {
			isa = PBXFrameworksBuildPhase;
			buildActionMask = 2147483647;
			files = (
				D7513DA21345F2D600E0AF6A /* QuickLook.framework in Frameworks */,
				D7513DA41345F2D600E0AF6A /* ApplicationServices.framework in Frameworks */,
				D7513DA61345F2D600E0AF6A /* CoreServices.framework in Frameworks */,
				D7513DA81345F2D600E0AF6A /* CoreFoundation.framework in Frameworks */,
				D7513DF61345F4B800E0AF6A /* AppKit.framework in Frameworks */,
				D7DAE67213BA73C200D56F33 /* libmx.dylib in Frameworks */,
				D70154B813BA33830020451C /* libmat.dylib in Frameworks */,
			);
			runOnlyForDeploymentPostprocessing = 0;
		};
		D7E4B16013C24D4600B88BB2 /* Frameworks */ = {
			isa = PBXFrameworksBuildPhase;
			buildActionMask = 2147483647;
			files = (
				D7E4B16413C24D4600B88BB2 /* CoreServices.framework in Frameworks */,
				D7E4B16513C24D4600B88BB2 /* CoreFoundation.framework in Frameworks */,
				D7E4B16713C24D4600B88BB2 /* CoreData.framework in Frameworks */,
				D7E4B16913C24D4600B88BB2 /* Foundation.framework in Frameworks */,
				D78D113813C3052C00012B6D /* libmat.dylib in Frameworks */,
				D78D113613C3052500012B6D /* libmx.dylib in Frameworks */,
			);
			runOnlyForDeploymentPostprocessing = 0;
		};
/* End PBXFrameworksBuildPhase section */

/* Begin PBXGroup section */
		D71E179D1347818F0057D44F /* Mathworks 2011a dylibs */ = {
			isa = PBXGroup;
			children = (
				D701548713BA33820020451C /* libboost_date_time.dylib */,
				D701548813BA33820020451C /* libboost_filesystem.dylib */,
				D701548913BA33820020451C /* libboost_regex.dylib */,
				D701548A13BA33820020451C /* libboost_signals.dylib */,
				D701548B13BA33820020451C /* libboost_system.dylib */,
				D701548C13BA33820020451C /* libboost_thread.dylib */,
				D701548E13BA33820020451C /* libhdf5.6.0.2.dylib */,
				D701548F13BA33820020451C /* libhdf5.6.dylib */,
				D701549113BA33820020451C /* libhdf5_hl.6.0.2.dylib */,
				D701549213BA33820020451C /* libhdf5_hl.6.dylib */,
				D701549313BA33820020451C /* libicudata.dylib.42 */,
				D701549413BA33820020451C /* libicudata.dylib.42.1 */,
				D701549513BA33820020451C /* libicui18n.dylib.42 */,
				D701549613BA33820020451C /* libicui18n.dylib.42.1 */,
				D701549713BA33820020451C /* libicuio.dylib.42 */,
				D701549813BA33820020451C /* libicuio.dylib.42.1 */,
				D701549913BA33820020451C /* libicuuc.dylib.42 */,
				D701549A13BA33820020451C /* libicuuc.dylib.42.1 */,
				D701549B13BA33820020451C /* libmat.dylib */,
				D701549C13BA33820020451C /* libmwfl.dylib */,
				D701549D13BA33820020451C /* libmwi18n.dylib */,
				D701549E13BA33820020451C /* libmwMATLAB_res.dylib */,
				D701549F13BA33820020451C /* libmwresource_core.dylib */,
				D70154A013BA33820020451C /* libmx.dylib */,
				D70154A113BA33820020451C /* libtbb.dylib */,
				D70154A213BA33820020451C /* libtbbmalloc.dylib */,
				D70154A313BA33820020451C /* libut.dylib */,
				D731C466139CD16E00A2F314 /* mat.h */,
				D731C467139CD16E00A2F314 /* matrix.h */,
				D731C468139CD16E00A2F314 /* tmwtypes.h */,
			);
			name = "Mathworks 2011a dylibs";
			sourceTree = "<group>";
		};
		D7513D911345F2D600E0AF6A = {
			isa = PBXGroup;
			children = (
				D7513DC41345F3E000E0AF6A /* Matlab.icns */,
				D7513DC51345F3E000E0AF6A /* matlab.mat */,
				D731C44A139CD16E00A2F314 /* lcdata.xml */,
				D7513DCA1345F42300E0AF6A /* icudt40l.dat */,
				D72F92F213B8ED30008A44CA /* fix_loader_path.rb */,
				D7513DA91345F2D600E0AF6A /* matlabQL */,
				D7E4B16A13C24D4600B88BB2 /* matlabMDI */,
				D7513DA01345F2D600E0AF6A /* Frameworks */,
				D7513D9F1345F2D600E0AF6A /* Products */,
			);
			sourceTree = "<group>";
		};
		D7513D9F1345F2D600E0AF6A /* Products */ = {
			isa = PBXGroup;
			children = (
				D7513D9E1345F2D600E0AF6A /* matlab.qlgenerator */,
				D7E4B16313C24D4600B88BB2 /* matlab.mdimporter */,
			);
			name = Products;
			sourceTree = "<group>";
		};
		D7513DA01345F2D600E0AF6A /* Frameworks */ = {
			isa = PBXGroup;
			children = (
				D71E179D1347818F0057D44F /* Mathworks 2011a dylibs */,
				D7513DF51345F4B800E0AF6A /* AppKit.framework */,
				D7513DA11345F2D600E0AF6A /* QuickLook.framework */,
				D7513DA31345F2D600E0AF6A /* ApplicationServices.framework */,
				D7513DA51345F2D600E0AF6A /* CoreServices.framework */,
				D7513DA71345F2D600E0AF6A /* CoreFoundation.framework */,
				D7E4B16613C24D4600B88BB2 /* CoreData.framework */,
				D7E4B16813C24D4600B88BB2 /* Foundation.framework */,
			);
			name = Frameworks;
			sourceTree = "<group>";
		};
		D7513DA91345F2D600E0AF6A /* matlabQL */ = {
			isa = PBXGroup;
			children = (
				D7513DB01345F2D600E0AF6A /* GenerateThumbnailForURL.c */,
				D7513DB21345F2D600E0AF6A /* GeneratePreviewForURL.m */,
				D7513DB41345F2D600E0AF6A /* main.c */,
				D7513DAA1345F2D600E0AF6A /* Supporting Files */,
			);
			path = matlabQL;
			sourceTree = "<group>";
		};
		D7513DAA1345F2D600E0AF6A /* Supporting Files */ = {
			isa = PBXGroup;
			children = (
				D7513DC31345F3E000E0AF6A /* index.html */,
				D7513DAB1345F2D600E0AF6A /* matlab-Info.plist */,
				D7513DAC1345F2D600E0AF6A /* InfoPlist.strings */,
				D737F73D13462B7800DBCC8E /* Localizable.strings */,
				D7513DAF1345F2D600E0AF6A /* matlab-Prefix.pch */,
			);
			name = "Supporting Files";
			sourceTree = "<group>";
		};
		D7E4B16A13C24D4600B88BB2 /* matlabMDI */ = {
			isa = PBXGroup;
			children = (
				D7E4B17313C24D4600B88BB2 /* GetMetadataForFile.m */,
				D7E4B16B13C24D4600B88BB2 /* Supporting Files */,
			);
			path = matlabMDI;
			sourceTree = "<group>";
		};
		D7E4B16B13C24D4600B88BB2 /* Supporting Files */ = {
			isa = PBXGroup;
			children = (
				D7E4B16C13C24D4600B88BB2 /* matlabMDI-Info.plist */,
				D7E4B16D13C24D4600B88BB2 /* InfoPlist.strings */,
				D7E4B17013C24D4600B88BB2 /* matlabMDI-Prefix.pch */,
				D7E4B17113C24D4600B88BB2 /* main.c */,
			);
			name = "Supporting Files";
			sourceTree = "<group>";
		};
/* End PBXGroup section */

/* Begin PBXHeadersBuildPhase section */
		D7513D9A1345F2D600E0AF6A /* Headers */ = {
			isa = PBXHeadersBuildPhase;
			buildActionMask = 2147483647;
			files = (
				D731C485139CD16E00A2F314 /* mat.h in Headers */,
				D731C486139CD16E00A2F314 /* matrix.h in Headers */,
				D731C487139CD16E00A2F314 /* tmwtypes.h in Headers */,
			);
			runOnlyForDeploymentPostprocessing = 0;
		};
/* End PBXHeadersBuildPhase section */

/* Begin PBXNativeTarget section */
		D7513D9D1345F2D600E0AF6A /* matlabQL */ = {
			isa = PBXNativeTarget;
			buildConfigurationList = D7513DB81345F2D600E0AF6A /* Build configuration list for PBXNativeTarget "matlabQL" */;
			buildPhases = (
				D7513D981345F2D600E0AF6A /* Sources */,
				D7513D991345F2D600E0AF6A /* Frameworks */,
				D7513D9A1345F2D600E0AF6A /* Headers */,
				D7513D9B1345F2D600E0AF6A /* Resources */,
				D7513DE61345F45300E0AF6A /* Copy mathworks resources */,
				D70154DF13BA35200020451C /* Copy dylibs */,
				D7DD834113B8E8AD004E6CEE /* Fix library linker names */,
			);
			buildRules = (
			);
			dependencies = (
			);
			name = matlabQL;
			productName = matlab;
			productReference = D7513D9E1345F2D600E0AF6A /* matlab.qlgenerator */;
			productType = "com.apple.product-type.bundle";
		};
		D7E4B16213C24D4600B88BB2 /* matlabMDI */ = {
			isa = PBXNativeTarget;
			buildConfigurationList = D7E4B17B13C24D4600B88BB2 /* Build configuration list for PBXNativeTarget "matlabMDI" */;
			buildPhases = (
				D7E4B15F13C24D4600B88BB2 /* Sources */,
				D7E4B16013C24D4600B88BB2 /* Frameworks */,
				D7E4B16113C24D4600B88BB2 /* Resources */,
				D78D113913C30BC100012B6D /* Copy dylibs */,
				D78D113A13C30C0900012B6D /* Fix library linker names */,
			);
			buildRules = (
			);
			dependencies = (
			);
			name = matlabMDI;
			productName = matlabMDI;
			productReference = D7E4B16313C24D4600B88BB2 /* matlab.mdimporter */;
			productType = "com.apple.product-type.bundle";
		};
/* End PBXNativeTarget section */

/* Begin PBXProject section */
		D7513D931345F2D600E0AF6A /* Project object */ = {
			isa = PBXProject;
			attributes = {
				LastUpgradeCheck = 0420;
				ORGANIZATIONNAME = "Imperial College";
			};
			buildConfigurationList = D7513D961345F2D600E0AF6A /* Build configuration list for PBXProject "matlab" */;
			compatibilityVersion = "Xcode 3.2";
			developmentRegion = English;
			hasScannedForEncodings = 0;
			knownRegions = (
				en,
				fr,
			);
			mainGroup = D7513D911345F2D600E0AF6A;
			productRefGroup = D7513D9F1345F2D600E0AF6A /* Products */;
			projectDirPath = "";
			projectRoot = "";
			targets = (
				D7513D9D1345F2D600E0AF6A /* matlabQL */,
				D7E4B16213C24D4600B88BB2 /* matlabMDI */,
			);
		};
/* End PBXProject section */

/* Begin PBXResourcesBuildPhase section */
		D7513D9B1345F2D600E0AF6A /* Resources */ = {
			isa = PBXResourcesBuildPhase;
			buildActionMask = 2147483647;
			files = (
				D7513DC61345F3E000E0AF6A /* index.html in Resources */,
			);
			runOnlyForDeploymentPostprocessing = 0;
		};
		D7E4B16113C24D4600B88BB2 /* Resources */ = {
			isa = PBXResourcesBuildPhase;
			buildActionMask = 2147483647;
			files = (
				D7E4B16F13C24D4600B88BB2 /* InfoPlist.strings in Resources */,
			);
			runOnlyForDeploymentPostprocessing = 0;
		};
/* End PBXResourcesBuildPhase section */

/* Begin PBXShellScriptBuildPhase section */
		D70154DF13BA35200020451C /* Copy dylibs */ = {
			isa = PBXShellScriptBuildPhase;
			buildActionMask = 2147483647;
			files = (
			);
			inputPaths = (
			);
			name = "Copy dylibs";
			outputPaths = (
			);
			runOnlyForDeploymentPostprocessing = 0;
			shellPath = /bin/bash;
			shellScript = "# Use cpio in order to preserve symlinks\n\necho \"Copying Matlab libraries.\"\ncd ${PROJECT_DIR}/dylibs\nif [ ! -d ${TARGET_BUILD_DIR}/matlab.qlgenerator/Contents/Frameworks ];\nthen\n    mkdir ${TARGET_BUILD_DIR}/matlab.qlgenerator/Contents/Frameworks\nfi\nfind . -depth -print0 | cpio --null -pvd ${TARGET_BUILD_DIR}/matlab.qlgenerator/Contents/Frameworks\nexit 0";
		};
		D78D113913C30BC100012B6D /* Copy dylibs */ = {
			isa = PBXShellScriptBuildPhase;
			buildActionMask = 2147483647;
			files = (
			);
			inputPaths = (
			);
			name = "Copy dylibs";
			outputPaths = (
			);
			runOnlyForDeploymentPostprocessing = 0;
			shellPath = /bin/bash;
			shellScript = "# Use cpio in order to preserve symlinks\n\necho \"Copying Matlab libraries.\"\ncd ${PROJECT_DIR}/dylibs\nif [ ! -d ${TARGET_BUILD_DIR}/matlab.mdimporter/Contents/Frameworks ];\nthen\nmkdir ${TARGET_BUILD_DIR}/matlab.mdimporter/Contents/Frameworks\nfi\nfind . -depth -print0 | cpio --null -pvd ${TARGET_BUILD_DIR}/matlab.mdimporter/Contents/Frameworks\nexit 0";
		};
		D78D113A13C30C0900012B6D /* Fix library linker names */ = {
			isa = PBXShellScriptBuildPhase;
			buildActionMask = 2147483647;
			files = (
			);
			inputPaths = (
			);
			name = "Fix library linker names";
			outputPaths = (
			);
			runOnlyForDeploymentPostprocessing = 0;
			shellPath = /bin/sh;
			shellScript = "script_file=\"fix_loader_path.rb\"\n\necho \"Running a custom build phase script: $script_file\"\n${PROJECT_DIR}/${script_file} ${TARGET_BUILD_DIR} ${WRAPPER_NAME} ${PRODUCT_NAME}\nscriptExitStatus=$?\necho \"DONE with script: ${script_file} (exitStatus=${scriptExitStatus})\\n\\n\"\nexit \"${scriptExitStatus}\"";
		};
		D7DD834113B8E8AD004E6CEE /* Fix library linker names */ = {
			isa = PBXShellScriptBuildPhase;
			buildActionMask = 2147483647;
			files = (
			);
			inputPaths = (
			);
			name = "Fix library linker names";
			outputPaths = (
			);
			runOnlyForDeploymentPostprocessing = 0;
			shellPath = /bin/sh;
			shellScript = "script_file=\"fix_loader_path.rb\"\n\necho \"Running a custom build phase script: $script_file\"\n${PROJECT_DIR}/${script_file} ${TARGET_BUILD_DIR} ${WRAPPER_NAME} ${PRODUCT_NAME}\nscriptExitStatus=$?\necho \"DONE with script: ${script_file} (exitStatus=${scriptExitStatus})\\n\\n\"\nexit \"${scriptExitStatus}\"";
		};
/* End PBXShellScriptBuildPhase section */

/* Begin PBXSourcesBuildPhase section */
		D7513D981345F2D600E0AF6A /* Sources */ = {
			isa = PBXSourcesBuildPhase;
			buildActionMask = 2147483647;
			files = (
				D7513DB11345F2D600E0AF6A /* GenerateThumbnailForURL.c in Sources */,
				D7513DB31345F2D600E0AF6A /* GeneratePreviewForURL.m in Sources */,
				D7513DB51345F2D600E0AF6A /* main.c in Sources */,
			);
			runOnlyForDeploymentPostprocessing = 0;
		};
		D7E4B15F13C24D4600B88BB2 /* Sources */ = {
			isa = PBXSourcesBuildPhase;
			buildActionMask = 2147483647;
			files = (
				D7E4B17213C24D4600B88BB2 /* main.c in Sources */,
				D7E4B17413C24D4600B88BB2 /* GetMetadataForFile.m in Sources */,
			);
			runOnlyForDeploymentPostprocessing = 0;
		};
/* End PBXSourcesBuildPhase section */

/* Begin PBXVariantGroup section */
		D737F73D13462B7800DBCC8E /* Localizable.strings */ = {
			isa = PBXVariantGroup;
			children = (
				D737F73C13462B7800DBCC8E /* en */,
				D737F73E13462B8200DBCC8E /* fr */,
			);
			name = Localizable.strings;
			sourceTree = "<group>";
		};
		D7513DAC1345F2D600E0AF6A /* InfoPlist.strings */ = {
			isa = PBXVariantGroup;
			children = (
				D7513DAD1345F2D600E0AF6A /* en */,
			);
			name = InfoPlist.strings;
			sourceTree = "<group>";
		};
		D7E4B16D13C24D4600B88BB2 /* InfoPlist.strings */ = {
			isa = PBXVariantGroup;
			children = (
				D7E4B16E13C24D4600B88BB2 /* en */,
			);
			name = InfoPlist.strings;
			sourceTree = "<group>";
		};
/* End PBXVariantGroup section */

/* Begin XCBuildConfiguration section */
		D7513DB61345F2D600E0AF6A /* Debug */ = {
			isa = XCBuildConfiguration;
			buildSettings = {
				ARCHS = "$(ARCHS_STANDARD_64_BIT)";
				GCC_C_LANGUAGE_STANDARD = gnu99;
				GCC_OPTIMIZATION_LEVEL = 0;
				GCC_PREPROCESSOR_DEFINITIONS = DEBUG;
				GCC_SYMBOLS_PRIVATE_EXTERN = NO;
				GCC_VERSION = com.apple.compilers.llvm.clang.1_0;
				GCC_WARN_64_TO_32_BIT_CONVERSION = YES;
				GCC_WARN_ABOUT_RETURN_TYPE = YES;
				GCC_WARN_UNUSED_VARIABLE = YES;
				MACOSX_DEPLOYMENT_TARGET = 10.6;
				ONLY_ACTIVE_ARCH = YES;
				SDKROOT = macosx;
			};
			name = Debug;
		};
		D7513DB71345F2D600E0AF6A /* Release */ = {
			isa = XCBuildConfiguration;
			buildSettings = {
				ARCHS = "$(ARCHS_STANDARD_64_BIT)";
				GCC_C_LANGUAGE_STANDARD = gnu99;
				GCC_VERSION = com.apple.compilers.llvm.clang.1_0;
				GCC_WARN_64_TO_32_BIT_CONVERSION = YES;
				GCC_WARN_ABOUT_RETURN_TYPE = YES;
				GCC_WARN_UNUSED_VARIABLE = YES;
				MACOSX_DEPLOYMENT_TARGET = 10.6;
				SDKROOT = macosx;
			};
			name = Release;
		};
		D7513DB91345F2D600E0AF6A /* Debug */ = {
			isa = XCBuildConfiguration;
			buildSettings = {
				ALWAYS_SEARCH_USER_PATHS = NO;
				COPY_PHASE_STRIP = NO;
				GCC_DYNAMIC_NO_PIC = NO;
				GCC_ENABLE_OBJC_EXCEPTIONS = YES;
				GCC_PRECOMPILE_PREFIX_HEADER = YES;
				GCC_PREFIX_HEADER = "matlabQL/matlab-Prefix.pch";
				INFOPLIST_FILE = "matlabQL/matlab-Info.plist";
				INSTALL_PATH = /Library/QuickLook;
				LIBRARY_SEARCH_PATHS = (
					"$(inherited)",
					"\"$(SRCROOT)\"",
					"\"$(SYSTEM_APPS_DIR)/MATLAB_R2011a.app/bin/maci64\"",
					"\"$(SRCROOT)/dylibs\"",
				);
				PRODUCT_NAME = matlab;
				VALID_ARCHS = x86_64;
				WRAPPER_EXTENSION = qlgenerator;
			};
			name = Debug;
		};
		D7513DBA1345F2D600E0AF6A /* Release */ = {
			isa = XCBuildConfiguration;
			buildSettings = {
				ALWAYS_SEARCH_USER_PATHS = NO;
				COPY_PHASE_STRIP = YES;
				DEBUG_INFORMATION_FORMAT = "dwarf-with-dsym";
				GCC_ENABLE_OBJC_EXCEPTIONS = YES;
				GCC_PRECOMPILE_PREFIX_HEADER = YES;
				GCC_PREFIX_HEADER = "matlabQL/matlab-Prefix.pch";
				INFOPLIST_FILE = "matlabQL/matlab-Info.plist";
				INSTALL_PATH = /Library/QuickLook;
				LIBRARY_SEARCH_PATHS = (
					"$(inherited)",
					"\"$(SRCROOT)\"",
					"\"$(SYSTEM_APPS_DIR)/MATLAB_R2011a.app/bin/maci64\"",
					"\"$(SRCROOT)/dylibs\"",
				);
				PRODUCT_NAME = matlab;
				VALID_ARCHS = x86_64;
				WRAPPER_EXTENSION = qlgenerator;
			};
			name = Release;
		};
		D7E4B17913C24D4600B88BB2 /* Debug */ = {
			isa = XCBuildConfiguration;
			buildSettings = {
				ALWAYS_SEARCH_USER_PATHS = YES;
				ARCHS = "$(ARCHS_STANDARD_64_BIT)";
				COPY_PHASE_STRIP = NO;
				GCC_DYNAMIC_NO_PIC = NO;
				GCC_ENABLE_OBJC_EXCEPTIONS = YES;
				GCC_PRECOMPILE_PREFIX_HEADER = YES;
				GCC_PREFIX_HEADER = "matlabMDI/matlabMDI-Prefix.pch";
				INFOPLIST_FILE = "matlabMDI/matlabMDI-Info.plist";
				INSTALL_PATH = "@executable_path/../Contents/Library/Spotlight";
				LIBRARY_SEARCH_PATHS = (
					"$(inherited)",
					"\"$(SRCROOT)/dylibs\"",
				);
				LIBRARY_STYLE = BUNDLE;
				PRODUCT_NAME = matlab;
				SKIP_INSTALL = YES;
				VALID_ARCHS = x86_64;
				WRAPPER_EXTENSION = mdimporter;
			};
			name = Debug;
		};
		D7E4B17A13C24D4600B88BB2 /* Release */ = {
			isa = XCBuildConfiguration;
			buildSettings = {
				ALWAYS_SEARCH_USER_PATHS = YES;
				ARCHS = "$(ARCHS_STANDARD_64_BIT)";
				COPY_PHASE_STRIP = YES;
				DEBUG_INFORMATION_FORMAT = "dwarf-with-dsym";
				GCC_ENABLE_OBJC_EXCEPTIONS = YES;
				GCC_PRECOMPILE_PREFIX_HEADER = YES;
				GCC_PREFIX_HEADER = "matlabMDI/matlabMDI-Prefix.pch";
				INFOPLIST_FILE = "matlabMDI/matlabMDI-Info.plist";
				INSTALL_PATH = "@executable_path/../Contents/Library/Spotlight";
				LIBRARY_SEARCH_PATHS = (
					"$(inherited)",
					"\"$(SRCROOT)/dylibs\"",
				);
				LIBRARY_STYLE = BUNDLE;
				PRODUCT_NAME = matlab;
				SKIP_INSTALL = YES;
				VALID_ARCHS = x86_64;
				WRAPPER_EXTENSION = mdimporter;
			};
			name = Release;
		};
/* End XCBuildConfiguration section */

/* Begin XCConfigurationList section */
		D7513D961345F2D600E0AF6A /* Build configuration list for PBXProject "matlab" */ = {
			isa = XCConfigurationList;
			buildConfigurations = (
				D7513DB61345F2D600E0AF6A /* Debug */,
				D7513DB71345F2D600E0AF6A /* Release */,
			);
			defaultConfigurationIsVisible = 0;
			defaultConfigurationName = Release;
		};
		D7513DB81345F2D600E0AF6A /* Build configuration list for PBXNativeTarget "matlabQL" */ = {
			isa = XCConfigurationList;
			buildConfigurations = (
				D7513DB91345F2D600E0AF6A /* Debug */,
				D7513DBA1345F2D600E0AF6A /* Release */,
			);
			defaultConfigurationIsVisible = 0;
			defaultConfigurationName = Release;
		};
		D7E4B17B13C24D4600B88BB2 /* Build configuration list for PBXNativeTarget "matlabMDI" */ = {
			isa = XCConfigurationList;
			buildConfigurations = (
				D7E4B17913C24D4600B88BB2 /* Debug */,
				D7E4B17A13C24D4600B88BB2 /* Release */,
			);
			defaultConfigurationIsVisible = 0;
			defaultConfigurationName = Release;
		};
/* End XCConfigurationList section */
	};
	rootObject = D7513D931345F2D600E0AF6A /* Project object */;
}
